
Microsoft Visual Studio Solution File, Format Version 12.00
# Visual Studio 2013
VisualStudioVersion = 12.0.31101.0
MinimumVisualStudioVersion = 10.0.40219.1
Project("{2150E333-8FDC-42A3-9474-1A3956D46DE8}") = ".build", ".build", "{1BA196A5-223F-4E5A-A38D-D8945A40C1BB}"
	ProjectSection(SolutionItems) = preProject
		AssemblyVersionInfo.cs = AssemblyVersionInfo.cs
		AssemblyVersioning.targets = AssemblyVersioning.targets
		build.cmd = build.cmd
		Build.proj = Build.proj
		MSBuild.Community.Tasks.dll = MSBuild.Community.Tasks.dll
		MSBuild.Community.Tasks.Targets = MSBuild.Community.Tasks.Targets
		PublishCloudService.ps1 = PublishCloudService.ps1
		PublishDashboardWebApp.ps1 = PublishDashboardWebApp.ps1
	EndProjectSection
EndProject
Project("{2150E333-8FDC-42A3-9474-1A3956D46DE8}") = "Core", "Core", "{48559053-9801-40FF-A60C-182E0600445D}"
EndProject
Project("{FAE04EC0-301F-11D3-BF4B-00C04F79EFBC}") = "Telemetry.Core", "Telemetry.Core\Telemetry.Core.csproj", "{C78B8F03-D764-409E-81AA-A4B7448A0973}"
EndProject
Project("{2150E333-8FDC-42A3-9474-1A3956D46DE8}") = ".nuget", ".nuget", "{C62AE403-CA15-4E99-9538-F4A2E436248C}"
	ProjectSection(SolutionItems) = preProject
		.nuget\NuGet.Config = .nuget\NuGet.Config
		.nuget\NuGet.exe = .nuget\NuGet.exe
		.nuget\NuGet.targets = .nuget\NuGet.targets
	EndProjectSection
EndProject
Project("{2150E333-8FDC-42A3-9474-1A3956D46DE8}") = "Tests", "Tests", "{04463D47-9E79-4600-996C-454E24CDFF20}"
EndProject
Project("{FAE04EC0-301F-11D3-BF4B-00C04F79EFBC}") = "Telemetry.Core.Tests.Unit", "Telemetry.Core.Tests.Unit\Telemetry.Core.Tests.Unit.csproj", "{3F7BEB3E-342C-4AB3-BB66-B96C23CB7075}"
EndProject
Project("{2150E333-8FDC-42A3-9474-1A3956D46DE8}") = "Api", "Api", "{B8AD77D5-7252-4DE3-9F6E-6D8FB897904F}"
EndProject
Project("{FAE04EC0-301F-11D3-BF4B-00C04F79EFBC}") = "Telemetry.Api", "Telemetry.Api\Telemetry.Api.csproj", "{D495BBD1-DABB-43E4-9B08-C7B5F47F4ECC}"
EndProject
Project("{2150E333-8FDC-42A3-9474-1A3956D46DE8}") = "Tests", "Tests", "{60B18BA3-D27D-4958-B6CE-844CB781A8F6}"
EndProject
Project("{FAE04EC0-301F-11D3-BF4B-00C04F79EFBC}") = "Telemetry.Api.Tests.Unit", "Telemetry.Api.Tests.Unit\Telemetry.Api.Tests.Unit.csproj", "{E07EAF44-9D76-45CF-9A40-7B9734B1F810}"
EndProject
Project("{FAE04EC0-301F-11D3-BF4B-00C04F79EFBC}") = "Telemetry.Api.Tests.Acceptance", "Telemetry.Api.Tests.Acceptance\Telemetry.Api.Tests.Acceptance.csproj", "{50E915FD-1781-45CC-A254-E191B60102C2}"
EndProject
Project("{FAE04EC0-301F-11D3-BF4B-00C04F79EFBC}") = "Telemetry.Api.Tests.Stubs.EventIngestionApi", "Telemetry.Api.Tests.Stubs.EventIngestionApi\Telemetry.Api.Tests.Stubs.EventIngestionApi.csproj", "{B9007663-ABCC-4F46-95E6-161F0E3A7829}"
EndProject
Project("{CC5FD16D-436D-48AD-A40C-5A424C6E3E79}") = "Telemetry.Api.CloudService", "Telemetry.Api.CloudService\Telemetry.Api.CloudService.ccproj", "{8895B9B0-7B56-43F1-AE15-6AB4902F754E}"
EndProject
Project("{2150E333-8FDC-42A3-9474-1A3956D46DE8}") = "DeepStorage", "DeepStorage", "{CC41BDED-20B5-46A5-8261-489BC16CE67B}"
EndProject
Project("{FAE04EC0-301F-11D3-BF4B-00C04F79EFBC}") = "Telemetry.EventProcessor.DeepStorage.Worker", "Telemetry.EventProcessor.DeepStorage.Worker\Telemetry.EventProcessor.DeepStorage.Worker.csproj", "{4989CC48-7966-44C5-BB94-DB0F046D8581}"
EndProject
Project("{00D1A9C2-B5F0-4AF3-8072-F6C62B433612}") = "Telemetry.Database", "Telemetry.Database\Telemetry.Database.sqlproj", "{08D88114-6678-4769-B094-719F4ACA3E2D}"
EndProject
Project("{FAE04EC0-301F-11D3-BF4B-00C04F79EFBC}") = "Telemetry.Entities", "Telemetry.Entities\Telemetry.Entities.csproj", "{7F431DE1-556D-42BD-82C1-991B83DEC56F}"
EndProject
Project("{FAE04EC0-301F-11D3-BF4B-00C04F79EFBC}") = "Telemetry.Core.EventProcessor", "Telemetry.Core.EventProcessor\Telemetry.Core.EventProcessor.csproj", "{786BAACC-A0C1-4A77-9146-B0389E62E24B}"
EndProject
Project("{CC5FD16D-436D-48AD-A40C-5A424C6E3E79}") = "Telemetry.EventProcessor.DeepStorage", "Telemetry.EventProcessor.DeepStorage\Telemetry.EventProcessor.DeepStorage.ccproj", "{2AA09843-7E76-4918-BF7A-0856413861AE}"
EndProject
Project("{2150E333-8FDC-42A3-9474-1A3956D46DE8}") = "Tests", "Tests", "{F0BB2BFA-2D2C-4108-8179-4D7D3F0243C3}"
EndProject
Project("{FAE04EC0-301F-11D3-BF4B-00C04F79EFBC}") = "Telemetry.EventProcessor.DeepStorage.Worker.Tests.Unit", "Telemetry.EventProcessor.DeepStorage.Worker.Tests.Unit\Telemetry.EventProcessor.DeepStorage.Worker.Tests.Unit.csproj", "{56FAF078-C7D8-4B6E-A263-96CDF581092B}"
EndProject
Project("{2150E333-8FDC-42A3-9474-1A3956D46DE8}") = "RealTime", "RealTime", "{8E23471A-2A7F-4DC8-A06D-7D4A1423BE7E}"
EndProject
Project("{FAE04EC0-301F-11D3-BF4B-00C04F79EFBC}") = "Telemetry.EventProcessor.RealTime.Worker", "Telemetry.EventProcessor.RealTime.Worker\Telemetry.EventProcessor.RealTime.Worker.csproj", "{24B03954-52F9-41A4-8D08-084D22D8BE05}"
EndProject
Project("{CC5FD16D-436D-48AD-A40C-5A424C6E3E79}") = "Telemetry.EventProcessor.RealTime", "Telemetry.EventProcessor.RealTime\Telemetry.EventProcessor.RealTime.ccproj", "{4B652DD5-2B1B-40BD-B34C-74FF4D1B5B58}"
EndProject
Project("{2150E333-8FDC-42A3-9474-1A3956D46DE8}") = "Tests", "Tests", "{CA960484-53AD-455A-A8F4-66DA769B2477}"
EndProject
Project("{FAE04EC0-301F-11D3-BF4B-00C04F79EFBC}") = "Telemetry.EventProcessor.RealTime.Worker.Tests.Unit", "Telemetry.EventProcessor.RealTime.Worker.Tests.Unit\Telemetry.EventProcessor.RealTime.Worker.Tests.Unit.csproj", "{99BB97F7-E158-49B5-8E7E-2CD221E51AD0}"
EndProject
Project("{2150E333-8FDC-42A3-9474-1A3956D46DE8}") = "Dashboards", "Dashboards", "{F15C6E9A-DE06-4D4D-A5DC-133FE42137F1}"
EndProject
Project("{FAE04EC0-301F-11D3-BF4B-00C04F79EFBC}") = "Telemetry.DeepStorage.Dashboard", "Telemetry.DeepStorage.Dashboard\Telemetry.DeepStorage.Dashboard.csproj", "{0076C479-916D-4276-8446-854E0BCB6248}"
EndProject
Project("{FAE04EC0-301F-11D3-BF4B-00C04F79EFBC}") = "Telemetry.RealTime.Dashboard", "Telemetry.RealTime.Dashboard\Telemetry.RealTime.Dashboard.csproj", "{A65082A3-B58D-4322-9628-3F52A34E5614}"
EndProject
Global
	GlobalSection(SolutionConfigurationPlatforms) = preSolution
		CI|Any CPU = CI|Any CPU
		Debug|Any CPU = Debug|Any CPU
		Integration|Any CPU = Integration|Any CPU
		Nightly|Any CPU = Nightly|Any CPU
		Performance|Any CPU = Performance|Any CPU
		Production|Any CPU = Production|Any CPU
		Release|Any CPU = Release|Any CPU
		Staging|Any CPU = Staging|Any CPU
		Testing|Any CPU = Testing|Any CPU
	EndGlobalSection
	GlobalSection(ProjectConfigurationPlatforms) = postSolution
		{C78B8F03-D764-409E-81AA-A4B7448A0973}.CI|Any CPU.ActiveCfg = Release|Any CPU
		{C78B8F03-D764-409E-81AA-A4B7448A0973}.CI|Any CPU.Build.0 = Release|Any CPU
		{C78B8F03-D764-409E-81AA-A4B7448A0973}.Debug|Any CPU.ActiveCfg = Debug|Any CPU
		{C78B8F03-D764-409E-81AA-A4B7448A0973}.Debug|Any CPU.Build.0 = Debug|Any CPU
		{C78B8F03-D764-409E-81AA-A4B7448A0973}.Integration|Any CPU.ActiveCfg = Release|Any CPU
		{C78B8F03-D764-409E-81AA-A4B7448A0973}.Integration|Any CPU.Build.0 = Release|Any CPU
		{C78B8F03-D764-409E-81AA-A4B7448A0973}.Nightly|Any CPU.ActiveCfg = Release|Any CPU
		{C78B8F03-D764-409E-81AA-A4B7448A0973}.Nightly|Any CPU.Build.0 = Release|Any CPU
		{C78B8F03-D764-409E-81AA-A4B7448A0973}.Performance|Any CPU.ActiveCfg = Release|Any CPU
		{C78B8F03-D764-409E-81AA-A4B7448A0973}.Performance|Any CPU.Build.0 = Release|Any CPU
		{C78B8F03-D764-409E-81AA-A4B7448A0973}.Production|Any CPU.ActiveCfg = Release|Any CPU
		{C78B8F03-D764-409E-81AA-A4B7448A0973}.Production|Any CPU.Build.0 = Release|Any CPU
		{C78B8F03-D764-409E-81AA-A4B7448A0973}.Release|Any CPU.ActiveCfg = Release|Any CPU
		{C78B8F03-D764-409E-81AA-A4B7448A0973}.Release|Any CPU.Build.0 = Release|Any CPU
		{C78B8F03-D764-409E-81AA-A4B7448A0973}.Staging|Any CPU.ActiveCfg = Release|Any CPU
		{C78B8F03-D764-409E-81AA-A4B7448A0973}.Staging|Any CPU.Build.0 = Release|Any CPU
		{C78B8F03-D764-409E-81AA-A4B7448A0973}.Testing|Any CPU.ActiveCfg = Release|Any CPU
		{C78B8F03-D764-409E-81AA-A4B7448A0973}.Testing|Any CPU.Build.0 = Release|Any CPU
		{3F7BEB3E-342C-4AB3-BB66-B96C23CB7075}.CI|Any CPU.ActiveCfg = Release|Any CPU
		{3F7BEB3E-342C-4AB3-BB66-B96C23CB7075}.CI|Any CPU.Build.0 = Release|Any CPU
		{3F7BEB3E-342C-4AB3-BB66-B96C23CB7075}.Debug|Any CPU.ActiveCfg = Debug|Any CPU
		{3F7BEB3E-342C-4AB3-BB66-B96C23CB7075}.Debug|Any CPU.Build.0 = Debug|Any CPU
		{3F7BEB3E-342C-4AB3-BB66-B96C23CB7075}.Integration|Any CPU.ActiveCfg = Release|Any CPU
		{3F7BEB3E-342C-4AB3-BB66-B96C23CB7075}.Integration|Any CPU.Build.0 = Release|Any CPU
		{3F7BEB3E-342C-4AB3-BB66-B96C23CB7075}.Nightly|Any CPU.ActiveCfg = Release|Any CPU
		{3F7BEB3E-342C-4AB3-BB66-B96C23CB7075}.Nightly|Any CPU.Build.0 = Release|Any CPU
		{3F7BEB3E-342C-4AB3-BB66-B96C23CB7075}.Performance|Any CPU.ActiveCfg = Release|Any CPU
		{3F7BEB3E-342C-4AB3-BB66-B96C23CB7075}.Performance|Any CPU.Build.0 = Release|Any CPU
		{3F7BEB3E-342C-4AB3-BB66-B96C23CB7075}.Production|Any CPU.ActiveCfg = Release|Any CPU
		{3F7BEB3E-342C-4AB3-BB66-B96C23CB7075}.Production|Any CPU.Build.0 = Release|Any CPU
		{3F7BEB3E-342C-4AB3-BB66-B96C23CB7075}.Release|Any CPU.ActiveCfg = Release|Any CPU
		{3F7BEB3E-342C-4AB3-BB66-B96C23CB7075}.Release|Any CPU.Build.0 = Release|Any CPU
		{3F7BEB3E-342C-4AB3-BB66-B96C23CB7075}.Staging|Any CPU.ActiveCfg = Release|Any CPU
		{3F7BEB3E-342C-4AB3-BB66-B96C23CB7075}.Staging|Any CPU.Build.0 = Release|Any CPU
		{3F7BEB3E-342C-4AB3-BB66-B96C23CB7075}.Testing|Any CPU.ActiveCfg = Release|Any CPU
		{3F7BEB3E-342C-4AB3-BB66-B96C23CB7075}.Testing|Any CPU.Build.0 = Release|Any CPU
		{D495BBD1-DABB-43E4-9B08-C7B5F47F4ECC}.CI|Any CPU.ActiveCfg = Release|Any CPU
		{D495BBD1-DABB-43E4-9B08-C7B5F47F4ECC}.CI|Any CPU.Build.0 = Release|Any CPU
		{D495BBD1-DABB-43E4-9B08-C7B5F47F4ECC}.Debug|Any CPU.ActiveCfg = Debug|Any CPU
		{D495BBD1-DABB-43E4-9B08-C7B5F47F4ECC}.Debug|Any CPU.Build.0 = Debug|Any CPU
		{D495BBD1-DABB-43E4-9B08-C7B5F47F4ECC}.Integration|Any CPU.ActiveCfg = Release|Any CPU
		{D495BBD1-DABB-43E4-9B08-C7B5F47F4ECC}.Integration|Any CPU.Build.0 = Release|Any CPU
		{D495BBD1-DABB-43E4-9B08-C7B5F47F4ECC}.Nightly|Any CPU.ActiveCfg = Release|Any CPU
		{D495BBD1-DABB-43E4-9B08-C7B5F47F4ECC}.Nightly|Any CPU.Build.0 = Release|Any CPU
		{D495BBD1-DABB-43E4-9B08-C7B5F47F4ECC}.Performance|Any CPU.ActiveCfg = Release|Any CPU
		{D495BBD1-DABB-43E4-9B08-C7B5F47F4ECC}.Performance|Any CPU.Build.0 = Release|Any CPU
		{D495BBD1-DABB-43E4-9B08-C7B5F47F4ECC}.Production|Any CPU.ActiveCfg = Release|Any CPU
		{D495BBD1-DABB-43E4-9B08-C7B5F47F4ECC}.Production|Any CPU.Build.0 = Release|Any CPU
		{D495BBD1-DABB-43E4-9B08-C7B5F47F4ECC}.Release|Any CPU.ActiveCfg = Release|Any CPU
		{D495BBD1-DABB-43E4-9B08-C7B5F47F4ECC}.Release|Any CPU.Build.0 = Release|Any CPU
		{D495BBD1-DABB-43E4-9B08-C7B5F47F4ECC}.Staging|Any CPU.ActiveCfg = Release|Any CPU
		{D495BBD1-DABB-43E4-9B08-C7B5F47F4ECC}.Staging|Any CPU.Build.0 = Release|Any CPU
		{D495BBD1-DABB-43E4-9B08-C7B5F47F4ECC}.Testing|Any CPU.ActiveCfg = Release|Any CPU
		{D495BBD1-DABB-43E4-9B08-C7B5F47F4ECC}.Testing|Any CPU.Build.0 = Release|Any CPU
		{E07EAF44-9D76-45CF-9A40-7B9734B1F810}.CI|Any CPU.ActiveCfg = Release|Any CPU
		{E07EAF44-9D76-45CF-9A40-7B9734B1F810}.CI|Any CPU.Build.0 = Release|Any CPU
		{E07EAF44-9D76-45CF-9A40-7B9734B1F810}.Debug|Any CPU.ActiveCfg = Debug|Any CPU
		{E07EAF44-9D76-45CF-9A40-7B9734B1F810}.Debug|Any CPU.Build.0 = Debug|Any CPU
		{E07EAF44-9D76-45CF-9A40-7B9734B1F810}.Integration|Any CPU.ActiveCfg = Release|Any CPU
		{E07EAF44-9D76-45CF-9A40-7B9734B1F810}.Integration|Any CPU.Build.0 = Release|Any CPU
		{E07EAF44-9D76-45CF-9A40-7B9734B1F810}.Nightly|Any CPU.ActiveCfg = Release|Any CPU
		{E07EAF44-9D76-45CF-9A40-7B9734B1F810}.Nightly|Any CPU.Build.0 = Release|Any CPU
		{E07EAF44-9D76-45CF-9A40-7B9734B1F810}.Performance|Any CPU.ActiveCfg = Release|Any CPU
		{E07EAF44-9D76-45CF-9A40-7B9734B1F810}.Performance|Any CPU.Build.0 = Release|Any CPU
		{E07EAF44-9D76-45CF-9A40-7B9734B1F810}.Production|Any CPU.ActiveCfg = Release|Any CPU
		{E07EAF44-9D76-45CF-9A40-7B9734B1F810}.Production|Any CPU.Build.0 = Release|Any CPU
		{E07EAF44-9D76-45CF-9A40-7B9734B1F810}.Release|Any CPU.ActiveCfg = Release|Any CPU
		{E07EAF44-9D76-45CF-9A40-7B9734B1F810}.Release|Any CPU.Build.0 = Release|Any CPU
		{E07EAF44-9D76-45CF-9A40-7B9734B1F810}.Staging|Any CPU.ActiveCfg = Release|Any CPU
		{E07EAF44-9D76-45CF-9A40-7B9734B1F810}.Staging|Any CPU.Build.0 = Release|Any CPU
		{E07EAF44-9D76-45CF-9A40-7B9734B1F810}.Testing|Any CPU.ActiveCfg = Release|Any CPU
		{E07EAF44-9D76-45CF-9A40-7B9734B1F810}.Testing|Any CPU.Build.0 = Release|Any CPU
		{50E915FD-1781-45CC-A254-E191B60102C2}.CI|Any CPU.ActiveCfg = Release|Any CPU
		{50E915FD-1781-45CC-A254-E191B60102C2}.CI|Any CPU.Build.0 = Release|Any CPU
		{50E915FD-1781-45CC-A254-E191B60102C2}.Debug|Any CPU.ActiveCfg = Debug|Any CPU
		{50E915FD-1781-45CC-A254-E191B60102C2}.Debug|Any CPU.Build.0 = Debug|Any CPU
		{50E915FD-1781-45CC-A254-E191B60102C2}.Integration|Any CPU.ActiveCfg = Release|Any CPU
		{50E915FD-1781-45CC-A254-E191B60102C2}.Integration|Any CPU.Build.0 = Release|Any CPU
		{50E915FD-1781-45CC-A254-E191B60102C2}.Nightly|Any CPU.ActiveCfg = Release|Any CPU
		{50E915FD-1781-45CC-A254-E191B60102C2}.Nightly|Any CPU.Build.0 = Release|Any CPU
		{50E915FD-1781-45CC-A254-E191B60102C2}.Performance|Any CPU.ActiveCfg = Release|Any CPU
		{50E915FD-1781-45CC-A254-E191B60102C2}.Performance|Any CPU.Build.0 = Release|Any CPU
		{50E915FD-1781-45CC-A254-E191B60102C2}.Production|Any CPU.ActiveCfg = Release|Any CPU
		{50E915FD-1781-45CC-A254-E191B60102C2}.Production|Any CPU.Build.0 = Release|Any CPU
		{50E915FD-1781-45CC-A254-E191B60102C2}.Release|Any CPU.ActiveCfg = Release|Any CPU
		{50E915FD-1781-45CC-A254-E191B60102C2}.Release|Any CPU.Build.0 = Release|Any CPU
		{50E915FD-1781-45CC-A254-E191B60102C2}.Staging|Any CPU.ActiveCfg = Release|Any CPU
		{50E915FD-1781-45CC-A254-E191B60102C2}.Staging|Any CPU.Build.0 = Release|Any CPU
		{50E915FD-1781-45CC-A254-E191B60102C2}.Testing|Any CPU.ActiveCfg = Release|Any CPU
		{50E915FD-1781-45CC-A254-E191B60102C2}.Testing|Any CPU.Build.0 = Release|Any CPU
		{B9007663-ABCC-4F46-95E6-161F0E3A7829}.CI|Any CPU.ActiveCfg = Release|Any CPU
		{B9007663-ABCC-4F46-95E6-161F0E3A7829}.CI|Any CPU.Build.0 = Release|Any CPU
		{B9007663-ABCC-4F46-95E6-161F0E3A7829}.Debug|Any CPU.ActiveCfg = Debug|Any CPU
		{B9007663-ABCC-4F46-95E6-161F0E3A7829}.Debug|Any CPU.Build.0 = Debug|Any CPU
		{B9007663-ABCC-4F46-95E6-161F0E3A7829}.Integration|Any CPU.ActiveCfg = Release|Any CPU
		{B9007663-ABCC-4F46-95E6-161F0E3A7829}.Integration|Any CPU.Build.0 = Release|Any CPU
		{B9007663-ABCC-4F46-95E6-161F0E3A7829}.Nightly|Any CPU.ActiveCfg = Release|Any CPU
		{B9007663-ABCC-4F46-95E6-161F0E3A7829}.Nightly|Any CPU.Build.0 = Release|Any CPU
		{B9007663-ABCC-4F46-95E6-161F0E3A7829}.Performance|Any CPU.ActiveCfg = Release|Any CPU
		{B9007663-ABCC-4F46-95E6-161F0E3A7829}.Performance|Any CPU.Build.0 = Release|Any CPU
		{B9007663-ABCC-4F46-95E6-161F0E3A7829}.Production|Any CPU.ActiveCfg = Release|Any CPU
		{B9007663-ABCC-4F46-95E6-161F0E3A7829}.Production|Any CPU.Build.0 = Release|Any CPU
		{B9007663-ABCC-4F46-95E6-161F0E3A7829}.Release|Any CPU.ActiveCfg = Release|Any CPU
		{B9007663-ABCC-4F46-95E6-161F0E3A7829}.Release|Any CPU.Build.0 = Release|Any CPU
		{B9007663-ABCC-4F46-95E6-161F0E3A7829}.Staging|Any CPU.ActiveCfg = Release|Any CPU
		{B9007663-ABCC-4F46-95E6-161F0E3A7829}.Staging|Any CPU.Build.0 = Release|Any CPU
		{B9007663-ABCC-4F46-95E6-161F0E3A7829}.Testing|Any CPU.ActiveCfg = Release|Any CPU
		{B9007663-ABCC-4F46-95E6-161F0E3A7829}.Testing|Any CPU.Build.0 = Release|Any CPU
		{8895B9B0-7B56-43F1-AE15-6AB4902F754E}.CI|Any CPU.ActiveCfg = Release|Any CPU
		{8895B9B0-7B56-43F1-AE15-6AB4902F754E}.CI|Any CPU.Build.0 = Release|Any CPU
		{8895B9B0-7B56-43F1-AE15-6AB4902F754E}.Debug|Any CPU.ActiveCfg = Debug|Any CPU
		{8895B9B0-7B56-43F1-AE15-6AB4902F754E}.Debug|Any CPU.Build.0 = Debug|Any CPU
		{8895B9B0-7B56-43F1-AE15-6AB4902F754E}.Integration|Any CPU.ActiveCfg = Release|Any CPU
		{8895B9B0-7B56-43F1-AE15-6AB4902F754E}.Integration|Any CPU.Build.0 = Release|Any CPU
		{8895B9B0-7B56-43F1-AE15-6AB4902F754E}.Nightly|Any CPU.ActiveCfg = Release|Any CPU
		{8895B9B0-7B56-43F1-AE15-6AB4902F754E}.Nightly|Any CPU.Build.0 = Release|Any CPU
		{8895B9B0-7B56-43F1-AE15-6AB4902F754E}.Performance|Any CPU.ActiveCfg = Release|Any CPU
		{8895B9B0-7B56-43F1-AE15-6AB4902F754E}.Performance|Any CPU.Build.0 = Release|Any CPU
		{8895B9B0-7B56-43F1-AE15-6AB4902F754E}.Production|Any CPU.ActiveCfg = Release|Any CPU
		{8895B9B0-7B56-43F1-AE15-6AB4902F754E}.Production|Any CPU.Build.0 = Release|Any CPU
		{8895B9B0-7B56-43F1-AE15-6AB4902F754E}.Release|Any CPU.ActiveCfg = Release|Any CPU
		{8895B9B0-7B56-43F1-AE15-6AB4902F754E}.Release|Any CPU.Build.0 = Release|Any CPU
		{8895B9B0-7B56-43F1-AE15-6AB4902F754E}.Staging|Any CPU.ActiveCfg = Release|Any CPU
		{8895B9B0-7B56-43F1-AE15-6AB4902F754E}.Staging|Any CPU.Build.0 = Release|Any CPU
		{8895B9B0-7B56-43F1-AE15-6AB4902F754E}.Testing|Any CPU.ActiveCfg = Release|Any CPU
		{8895B9B0-7B56-43F1-AE15-6AB4902F754E}.Testing|Any CPU.Build.0 = Release|Any CPU
		{4989CC48-7966-44C5-BB94-DB0F046D8581}.CI|Any CPU.ActiveCfg = Release|Any CPU
		{4989CC48-7966-44C5-BB94-DB0F046D8581}.CI|Any CPU.Build.0 = Release|Any CPU
		{4989CC48-7966-44C5-BB94-DB0F046D8581}.Debug|Any CPU.ActiveCfg = Debug|Any CPU
		{4989CC48-7966-44C5-BB94-DB0F046D8581}.Debug|Any CPU.Build.0 = Debug|Any CPU
		{4989CC48-7966-44C5-BB94-DB0F046D8581}.Integration|Any CPU.ActiveCfg = Release|Any CPU
		{4989CC48-7966-44C5-BB94-DB0F046D8581}.Integration|Any CPU.Build.0 = Release|Any CPU
		{4989CC48-7966-44C5-BB94-DB0F046D8581}.Nightly|Any CPU.ActiveCfg = Release|Any CPU
		{4989CC48-7966-44C5-BB94-DB0F046D8581}.Nightly|Any CPU.Build.0 = Release|Any CPU
		{4989CC48-7966-44C5-BB94-DB0F046D8581}.Performance|Any CPU.ActiveCfg = Release|Any CPU
		{4989CC48-7966-44C5-BB94-DB0F046D8581}.Performance|Any CPU.Build.0 = Release|Any CPU
		{4989CC48-7966-44C5-BB94-DB0F046D8581}.Production|Any CPU.ActiveCfg = Release|Any CPU
		{4989CC48-7966-44C5-BB94-DB0F046D8581}.Production|Any CPU.Build.0 = Release|Any CPU
		{4989CC48-7966-44C5-BB94-DB0F046D8581}.Release|Any CPU.ActiveCfg = Release|Any CPU
		{4989CC48-7966-44C5-BB94-DB0F046D8581}.Release|Any CPU.Build.0 = Release|Any CPU
		{4989CC48-7966-44C5-BB94-DB0F046D8581}.Staging|Any CPU.ActiveCfg = Release|Any CPU
		{4989CC48-7966-44C5-BB94-DB0F046D8581}.Staging|Any CPU.Build.0 = Release|Any CPU
		{4989CC48-7966-44C5-BB94-DB0F046D8581}.Testing|Any CPU.ActiveCfg = Release|Any CPU
		{4989CC48-7966-44C5-BB94-DB0F046D8581}.Testing|Any CPU.Build.0 = Release|Any CPU
		{08D88114-6678-4769-B094-719F4ACA3E2D}.CI|Any CPU.ActiveCfg = Debug|Any CPU
		{08D88114-6678-4769-B094-719F4ACA3E2D}.CI|Any CPU.Build.0 = Debug|Any CPU
		{08D88114-6678-4769-B094-719F4ACA3E2D}.CI|Any CPU.Deploy.0 = Debug|Any CPU
		{08D88114-6678-4769-B094-719F4ACA3E2D}.Debug|Any CPU.ActiveCfg = Debug|Any CPU
		{08D88114-6678-4769-B094-719F4ACA3E2D}.Debug|Any CPU.Build.0 = Debug|Any CPU
		{08D88114-6678-4769-B094-719F4ACA3E2D}.Debug|Any CPU.Deploy.0 = Debug|Any CPU
		{08D88114-6678-4769-B094-719F4ACA3E2D}.Integration|Any CPU.ActiveCfg = Debug|Any CPU
		{08D88114-6678-4769-B094-719F4ACA3E2D}.Integration|Any CPU.Build.0 = Debug|Any CPU
		{08D88114-6678-4769-B094-719F4ACA3E2D}.Integration|Any CPU.Deploy.0 = Debug|Any CPU
		{08D88114-6678-4769-B094-719F4ACA3E2D}.Nightly|Any CPU.ActiveCfg = Debug|Any CPU
		{08D88114-6678-4769-B094-719F4ACA3E2D}.Nightly|Any CPU.Build.0 = Debug|Any CPU
		{08D88114-6678-4769-B094-719F4ACA3E2D}.Nightly|Any CPU.Deploy.0 = Debug|Any CPU
		{08D88114-6678-4769-B094-719F4ACA3E2D}.Performance|Any CPU.ActiveCfg = Debug|Any CPU
		{08D88114-6678-4769-B094-719F4ACA3E2D}.Performance|Any CPU.Build.0 = Debug|Any CPU
		{08D88114-6678-4769-B094-719F4ACA3E2D}.Performance|Any CPU.Deploy.0 = Debug|Any CPU
		{08D88114-6678-4769-B094-719F4ACA3E2D}.Production|Any CPU.ActiveCfg = Debug|Any CPU
		{08D88114-6678-4769-B094-719F4ACA3E2D}.Production|Any CPU.Build.0 = Debug|Any CPU
		{08D88114-6678-4769-B094-719F4ACA3E2D}.Production|Any CPU.Deploy.0 = Debug|Any CPU
		{08D88114-6678-4769-B094-719F4ACA3E2D}.Release|Any CPU.ActiveCfg = Release|Any CPU
		{08D88114-6678-4769-B094-719F4ACA3E2D}.Release|Any CPU.Build.0 = Release|Any CPU
		{08D88114-6678-4769-B094-719F4ACA3E2D}.Release|Any CPU.Deploy.0 = Release|Any CPU
		{08D88114-6678-4769-B094-719F4ACA3E2D}.Staging|Any CPU.ActiveCfg = Debug|Any CPU
		{08D88114-6678-4769-B094-719F4ACA3E2D}.Staging|Any CPU.Build.0 = Debug|Any CPU
		{08D88114-6678-4769-B094-719F4ACA3E2D}.Staging|Any CPU.Deploy.0 = Debug|Any CPU
		{08D88114-6678-4769-B094-719F4ACA3E2D}.Testing|Any CPU.ActiveCfg = Debug|Any CPU
		{08D88114-6678-4769-B094-719F4ACA3E2D}.Testing|Any CPU.Build.0 = Debug|Any CPU
		{08D88114-6678-4769-B094-719F4ACA3E2D}.Testing|Any CPU.Deploy.0 = Debug|Any CPU
		{7F431DE1-556D-42BD-82C1-991B83DEC56F}.CI|Any CPU.ActiveCfg = Release|Any CPU
		{7F431DE1-556D-42BD-82C1-991B83DEC56F}.CI|Any CPU.Build.0 = Release|Any CPU
		{7F431DE1-556D-42BD-82C1-991B83DEC56F}.Debug|Any CPU.ActiveCfg = Debug|Any CPU
		{7F431DE1-556D-42BD-82C1-991B83DEC56F}.Debug|Any CPU.Build.0 = Debug|Any CPU
		{7F431DE1-556D-42BD-82C1-991B83DEC56F}.Integration|Any CPU.ActiveCfg = Release|Any CPU
		{7F431DE1-556D-42BD-82C1-991B83DEC56F}.Integration|Any CPU.Build.0 = Release|Any CPU
		{7F431DE1-556D-42BD-82C1-991B83DEC56F}.Nightly|Any CPU.ActiveCfg = Release|Any CPU
		{7F431DE1-556D-42BD-82C1-991B83DEC56F}.Nightly|Any CPU.Build.0 = Release|Any CPU
		{7F431DE1-556D-42BD-82C1-991B83DEC56F}.Performance|Any CPU.ActiveCfg = Release|Any CPU
		{7F431DE1-556D-42BD-82C1-991B83DEC56F}.Performance|Any CPU.Build.0 = Release|Any CPU
		{7F431DE1-556D-42BD-82C1-991B83DEC56F}.Production|Any CPU.ActiveCfg = Release|Any CPU
		{7F431DE1-556D-42BD-82C1-991B83DEC56F}.Production|Any CPU.Build.0 = Release|Any CPU
		{7F431DE1-556D-42BD-82C1-991B83DEC56F}.Release|Any CPU.ActiveCfg = Release|Any CPU
		{7F431DE1-556D-42BD-82C1-991B83DEC56F}.Release|Any CPU.Build.0 = Release|Any CPU
		{7F431DE1-556D-42BD-82C1-991B83DEC56F}.Staging|Any CPU.ActiveCfg = Release|Any CPU
		{7F431DE1-556D-42BD-82C1-991B83DEC56F}.Staging|Any CPU.Build.0 = Release|Any CPU
		{7F431DE1-556D-42BD-82C1-991B83DEC56F}.Testing|Any CPU.ActiveCfg = Release|Any CPU
		{7F431DE1-556D-42BD-82C1-991B83DEC56F}.Testing|Any CPU.Build.0 = Release|Any CPU
		{786BAACC-A0C1-4A77-9146-B0389E62E24B}.CI|Any CPU.ActiveCfg = Release|Any CPU
		{786BAACC-A0C1-4A77-9146-B0389E62E24B}.CI|Any CPU.Build.0 = Release|Any CPU
		{786BAACC-A0C1-4A77-9146-B0389E62E24B}.Debug|Any CPU.ActiveCfg = Debug|Any CPU
		{786BAACC-A0C1-4A77-9146-B0389E62E24B}.Debug|Any CPU.Build.0 = Debug|Any CPU
		{786BAACC-A0C1-4A77-9146-B0389E62E24B}.Integration|Any CPU.ActiveCfg = Release|Any CPU
		{786BAACC-A0C1-4A77-9146-B0389E62E24B}.Integration|Any CPU.Build.0 = Release|Any CPU
		{786BAACC-A0C1-4A77-9146-B0389E62E24B}.Nightly|Any CPU.ActiveCfg = Release|Any CPU
		{786BAACC-A0C1-4A77-9146-B0389E62E24B}.Nightly|Any CPU.Build.0 = Release|Any CPU
		{786BAACC-A0C1-4A77-9146-B0389E62E24B}.Performance|Any CPU.ActiveCfg = Release|Any CPU
		{786BAACC-A0C1-4A77-9146-B0389E62E24B}.Performance|Any CPU.Build.0 = Release|Any CPU
		{786BAACC-A0C1-4A77-9146-B0389E62E24B}.Production|Any CPU.ActiveCfg = Release|Any CPU
		{786BAACC-A0C1-4A77-9146-B0389E62E24B}.Production|Any CPU.Build.0 = Release|Any CPU
		{786BAACC-A0C1-4A77-9146-B0389E62E24B}.Release|Any CPU.ActiveCfg = Release|Any CPU
		{786BAACC-A0C1-4A77-9146-B0389E62E24B}.Release|Any CPU.Build.0 = Release|Any CPU
		{786BAACC-A0C1-4A77-9146-B0389E62E24B}.Staging|Any CPU.ActiveCfg = Release|Any CPU
		{786BAACC-A0C1-4A77-9146-B0389E62E24B}.Staging|Any CPU.Build.0 = Release|Any CPU
		{786BAACC-A0C1-4A77-9146-B0389E62E24B}.Testing|Any CPU.ActiveCfg = Release|Any CPU
		{786BAACC-A0C1-4A77-9146-B0389E62E24B}.Testing|Any CPU.Build.0 = Release|Any CPU
		{2AA09843-7E76-4918-BF7A-0856413861AE}.CI|Any CPU.ActiveCfg = Release|Any CPU
		{2AA09843-7E76-4918-BF7A-0856413861AE}.CI|Any CPU.Build.0 = Release|Any CPU
		{2AA09843-7E76-4918-BF7A-0856413861AE}.Debug|Any CPU.ActiveCfg = Debug|Any CPU
		{2AA09843-7E76-4918-BF7A-0856413861AE}.Debug|Any CPU.Build.0 = Debug|Any CPU
		{2AA09843-7E76-4918-BF7A-0856413861AE}.Integration|Any CPU.ActiveCfg = Release|Any CPU
		{2AA09843-7E76-4918-BF7A-0856413861AE}.Integration|Any CPU.Build.0 = Release|Any CPU
		{2AA09843-7E76-4918-BF7A-0856413861AE}.Nightly|Any CPU.ActiveCfg = Release|Any CPU
		{2AA09843-7E76-4918-BF7A-0856413861AE}.Nightly|Any CPU.Build.0 = Release|Any CPU
		{2AA09843-7E76-4918-BF7A-0856413861AE}.Performance|Any CPU.ActiveCfg = Release|Any CPU
		{2AA09843-7E76-4918-BF7A-0856413861AE}.Performance|Any CPU.Build.0 = Release|Any CPU
		{2AA09843-7E76-4918-BF7A-0856413861AE}.Production|Any CPU.ActiveCfg = Release|Any CPU
		{2AA09843-7E76-4918-BF7A-0856413861AE}.Production|Any CPU.Build.0 = Release|Any CPU
		{2AA09843-7E76-4918-BF7A-0856413861AE}.Release|Any CPU.ActiveCfg = Release|Any CPU
		{2AA09843-7E76-4918-BF7A-0856413861AE}.Release|Any CPU.Build.0 = Release|Any CPU
		{2AA09843-7E76-4918-BF7A-0856413861AE}.Staging|Any CPU.ActiveCfg = Release|Any CPU
		{2AA09843-7E76-4918-BF7A-0856413861AE}.Staging|Any CPU.Build.0 = Release|Any CPU
		{2AA09843-7E76-4918-BF7A-0856413861AE}.Testing|Any CPU.ActiveCfg = Release|Any CPU
		{2AA09843-7E76-4918-BF7A-0856413861AE}.Testing|Any CPU.Build.0 = Release|Any CPU
		{56FAF078-C7D8-4B6E-A263-96CDF581092B}.CI|Any CPU.ActiveCfg = Release|Any CPU
		{56FAF078-C7D8-4B6E-A263-96CDF581092B}.CI|Any CPU.Build.0 = Release|Any CPU
		{56FAF078-C7D8-4B6E-A263-96CDF581092B}.Debug|Any CPU.ActiveCfg = Debug|Any CPU
		{56FAF078-C7D8-4B6E-A263-96CDF581092B}.Debug|Any CPU.Build.0 = Debug|Any CPU
		{56FAF078-C7D8-4B6E-A263-96CDF581092B}.Integration|Any CPU.ActiveCfg = Release|Any CPU
		{56FAF078-C7D8-4B6E-A263-96CDF581092B}.Integration|Any CPU.Build.0 = Release|Any CPU
		{56FAF078-C7D8-4B6E-A263-96CDF581092B}.Nightly|Any CPU.ActiveCfg = Release|Any CPU
		{56FAF078-C7D8-4B6E-A263-96CDF581092B}.Nightly|Any CPU.Build.0 = Release|Any CPU
		{56FAF078-C7D8-4B6E-A263-96CDF581092B}.Performance|Any CPU.ActiveCfg = Release|Any CPU
		{56FAF078-C7D8-4B6E-A263-96CDF581092B}.Performance|Any CPU.Build.0 = Release|Any CPU
		{56FAF078-C7D8-4B6E-A263-96CDF581092B}.Production|Any CPU.ActiveCfg = Release|Any CPU
		{56FAF078-C7D8-4B6E-A263-96CDF581092B}.Production|Any CPU.Build.0 = Release|Any CPU
		{56FAF078-C7D8-4B6E-A263-96CDF581092B}.Release|Any CPU.ActiveCfg = Release|Any CPU
		{56FAF078-C7D8-4B6E-A263-96CDF581092B}.Release|Any CPU.Build.0 = Release|Any CPU
		{56FAF078-C7D8-4B6E-A263-96CDF581092B}.Staging|Any CPU.ActiveCfg = Release|Any CPU
		{56FAF078-C7D8-4B6E-A263-96CDF581092B}.Staging|Any CPU.Build.0 = Release|Any CPU
		{56FAF078-C7D8-4B6E-A263-96CDF581092B}.Testing|Any CPU.ActiveCfg = Release|Any CPU
		{56FAF078-C7D8-4B6E-A263-96CDF581092B}.Testing|Any CPU.Build.0 = Release|Any CPU
		{24B03954-52F9-41A4-8D08-084D22D8BE05}.CI|Any CPU.ActiveCfg = Release|Any CPU
		{24B03954-52F9-41A4-8D08-084D22D8BE05}.CI|Any CPU.Build.0 = Release|Any CPU
		{24B03954-52F9-41A4-8D08-084D22D8BE05}.Debug|Any CPU.ActiveCfg = Debug|Any CPU
		{24B03954-52F9-41A4-8D08-084D22D8BE05}.Debug|Any CPU.Build.0 = Debug|Any CPU
		{24B03954-52F9-41A4-8D08-084D22D8BE05}.Integration|Any CPU.ActiveCfg = Release|Any CPU
		{24B03954-52F9-41A4-8D08-084D22D8BE05}.Integration|Any CPU.Build.0 = Release|Any CPU
		{24B03954-52F9-41A4-8D08-084D22D8BE05}.Nightly|Any CPU.ActiveCfg = Release|Any CPU
		{24B03954-52F9-41A4-8D08-084D22D8BE05}.Nightly|Any CPU.Build.0 = Release|Any CPU
		{24B03954-52F9-41A4-8D08-084D22D8BE05}.Performance|Any CPU.ActiveCfg = Release|Any CPU
		{24B03954-52F9-41A4-8D08-084D22D8BE05}.Performance|Any CPU.Build.0 = Release|Any CPU
		{24B03954-52F9-41A4-8D08-084D22D8BE05}.Production|Any CPU.ActiveCfg = Release|Any CPU
		{24B03954-52F9-41A4-8D08-084D22D8BE05}.Production|Any CPU.Build.0 = Release|Any CPU
		{24B03954-52F9-41A4-8D08-084D22D8BE05}.Release|Any CPU.ActiveCfg = Release|Any CPU
		{24B03954-52F9-41A4-8D08-084D22D8BE05}.Release|Any CPU.Build.0 = Release|Any CPU
		{24B03954-52F9-41A4-8D08-084D22D8BE05}.Staging|Any CPU.ActiveCfg = Release|Any CPU
		{24B03954-52F9-41A4-8D08-084D22D8BE05}.Staging|Any CPU.Build.0 = Release|Any CPU
		{24B03954-52F9-41A4-8D08-084D22D8BE05}.Testing|Any CPU.ActiveCfg = Release|Any CPU
		{24B03954-52F9-41A4-8D08-084D22D8BE05}.Testing|Any CPU.Build.0 = Release|Any CPU
		{4B652DD5-2B1B-40BD-B34C-74FF4D1B5B58}.CI|Any CPU.ActiveCfg = Release|Any CPU
		{4B652DD5-2B1B-40BD-B34C-74FF4D1B5B58}.CI|Any CPU.Build.0 = Release|Any CPU
		{4B652DD5-2B1B-40BD-B34C-74FF4D1B5B58}.Debug|Any CPU.ActiveCfg = Debug|Any CPU
		{4B652DD5-2B1B-40BD-B34C-74FF4D1B5B58}.Debug|Any CPU.Build.0 = Debug|Any CPU
		{4B652DD5-2B1B-40BD-B34C-74FF4D1B5B58}.Integration|Any CPU.ActiveCfg = Release|Any CPU
		{4B652DD5-2B1B-40BD-B34C-74FF4D1B5B58}.Integration|Any CPU.Build.0 = Release|Any CPU
		{4B652DD5-2B1B-40BD-B34C-74FF4D1B5B58}.Nightly|Any CPU.ActiveCfg = Release|Any CPU
		{4B652DD5-2B1B-40BD-B34C-74FF4D1B5B58}.Nightly|Any CPU.Build.0 = Release|Any CPU
		{4B652DD5-2B1B-40BD-B34C-74FF4D1B5B58}.Performance|Any CPU.ActiveCfg = Release|Any CPU
		{4B652DD5-2B1B-40BD-B34C-74FF4D1B5B58}.Performance|Any CPU.Build.0 = Release|Any CPU
		{4B652DD5-2B1B-40BD-B34C-74FF4D1B5B58}.Production|Any CPU.ActiveCfg = Release|Any CPU
		{4B652DD5-2B1B-40BD-B34C-74FF4D1B5B58}.Production|Any CPU.Build.0 = Release|Any CPU
		{4B652DD5-2B1B-40BD-B34C-74FF4D1B5B58}.Release|Any CPU.ActiveCfg = Release|Any CPU
		{4B652DD5-2B1B-40BD-B34C-74FF4D1B5B58}.Release|Any CPU.Build.0 = Release|Any CPU
		{4B652DD5-2B1B-40BD-B34C-74FF4D1B5B58}.Staging|Any CPU.ActiveCfg = Release|Any CPU
		{4B652DD5-2B1B-40BD-B34C-74FF4D1B5B58}.Staging|Any CPU.Build.0 = Release|Any CPU
		{4B652DD5-2B1B-40BD-B34C-74FF4D1B5B58}.Testing|Any CPU.ActiveCfg = Release|Any CPU
		{4B652DD5-2B1B-40BD-B34C-74FF4D1B5B58}.Testing|Any CPU.Build.0 = Release|Any CPU
		{99BB97F7-E158-49B5-8E7E-2CD221E51AD0}.CI|Any CPU.ActiveCfg = Release|Any CPU
		{99BB97F7-E158-49B5-8E7E-2CD221E51AD0}.CI|Any CPU.Build.0 = Release|Any CPU
		{99BB97F7-E158-49B5-8E7E-2CD221E51AD0}.Debug|Any CPU.ActiveCfg = Debug|Any CPU
		{99BB97F7-E158-49B5-8E7E-2CD221E51AD0}.Debug|Any CPU.Build.0 = Debug|Any CPU
		{99BB97F7-E158-49B5-8E7E-2CD221E51AD0}.Integration|Any CPU.ActiveCfg = Release|Any CPU
		{99BB97F7-E158-49B5-8E7E-2CD221E51AD0}.Integration|Any CPU.Build.0 = Release|Any CPU
		{99BB97F7-E158-49B5-8E7E-2CD221E51AD0}.Nightly|Any CPU.ActiveCfg = Release|Any CPU
		{99BB97F7-E158-49B5-8E7E-2CD221E51AD0}.Nightly|Any CPU.Build.0 = Release|Any CPU
		{99BB97F7-E158-49B5-8E7E-2CD221E51AD0}.Performance|Any CPU.ActiveCfg = Release|Any CPU
		{99BB97F7-E158-49B5-8E7E-2CD221E51AD0}.Performance|Any CPU.Build.0 = Release|Any CPU
		{99BB97F7-E158-49B5-8E7E-2CD221E51AD0}.Production|Any CPU.ActiveCfg = Release|Any CPU
		{99BB97F7-E158-49B5-8E7E-2CD221E51AD0}.Production|Any CPU.Build.0 = Release|Any CPU
		{99BB97F7-E158-49B5-8E7E-2CD221E51AD0}.Release|Any CPU.ActiveCfg = Release|Any CPU
		{99BB97F7-E158-49B5-8E7E-2CD221E51AD0}.Release|Any CPU.Build.0 = Release|Any CPU
		{99BB97F7-E158-49B5-8E7E-2CD221E51AD0}.Staging|Any CPU.ActiveCfg = Release|Any CPU
		{99BB97F7-E158-49B5-8E7E-2CD221E51AD0}.Staging|Any CPU.Build.0 = Release|Any CPU
		{99BB97F7-E158-49B5-8E7E-2CD221E51AD0}.Testing|Any CPU.ActiveCfg = Release|Any CPU
		{99BB97F7-E158-49B5-8E7E-2CD221E51AD0}.Testing|Any CPU.Build.0 = Release|Any CPU
		{0076C479-916D-4276-8446-854E0BCB6248}.CI|Any CPU.ActiveCfg = Release|Any CPU
		{0076C479-916D-4276-8446-854E0BCB6248}.CI|Any CPU.Build.0 = Release|Any CPU
		{0076C479-916D-4276-8446-854E0BCB6248}.Debug|Any CPU.ActiveCfg = Debug|Any CPU
		{0076C479-916D-4276-8446-854E0BCB6248}.Debug|Any CPU.Build.0 = Debug|Any CPU
		{0076C479-916D-4276-8446-854E0BCB6248}.Integration|Any CPU.ActiveCfg = Release|Any CPU
		{0076C479-916D-4276-8446-854E0BCB6248}.Integration|Any CPU.Build.0 = Release|Any CPU
		{0076C479-916D-4276-8446-854E0BCB6248}.Nightly|Any CPU.ActiveCfg = Release|Any CPU
		{0076C479-916D-4276-8446-854E0BCB6248}.Nightly|Any CPU.Build.0 = Release|Any CPU
		{0076C479-916D-4276-8446-854E0BCB6248}.Performance|Any CPU.ActiveCfg = Release|Any CPU
		{0076C479-916D-4276-8446-854E0BCB6248}.Performance|Any CPU.Build.0 = Release|Any CPU
		{0076C479-916D-4276-8446-854E0BCB6248}.Production|Any CPU.ActiveCfg = Release|Any CPU
		{0076C479-916D-4276-8446-854E0BCB6248}.Production|Any CPU.Build.0 = Release|Any CPU
		{0076C479-916D-4276-8446-854E0BCB6248}.Release|Any CPU.ActiveCfg = Release|Any CPU
		{0076C479-916D-4276-8446-854E0BCB6248}.Release|Any CPU.Build.0 = Release|Any CPU
		{0076C479-916D-4276-8446-854E0BCB6248}.Staging|Any CPU.ActiveCfg = Release|Any CPU
		{0076C479-916D-4276-8446-854E0BCB6248}.Staging|Any CPU.Build.0 = Release|Any CPU
		{0076C479-916D-4276-8446-854E0BCB6248}.Testing|Any CPU.ActiveCfg = Release|Any CPU
		{0076C479-916D-4276-8446-854E0BCB6248}.Testing|Any CPU.Build.0 = Release|Any CPU
		{A65082A3-B58D-4322-9628-3F52A34E5614}.CI|Any CPU.ActiveCfg = Release|Any CPU
		{A65082A3-B58D-4322-9628-3F52A34E5614}.CI|Any CPU.Build.0 = Release|Any CPU
		{A65082A3-B58D-4322-9628-3F52A34E5614}.Debug|Any CPU.ActiveCfg = Debug|Any CPU
		{A65082A3-B58D-4322-9628-3F52A34E5614}.Debug|Any CPU.Build.0 = Debug|Any CPU
		{A65082A3-B58D-4322-9628-3F52A34E5614}.Integration|Any CPU.ActiveCfg = Release|Any CPU
		{A65082A3-B58D-4322-9628-3F52A34E5614}.Integration|Any CPU.Build.0 = Release|Any CPU
		{A65082A3-B58D-4322-9628-3F52A34E5614}.Nightly|Any CPU.ActiveCfg = Release|Any CPU
		{A65082A3-B58D-4322-9628-3F52A34E5614}.Nightly|Any CPU.Build.0 = Release|Any CPU
		{A65082A3-B58D-4322-9628-3F52A34E5614}.Performance|Any CPU.ActiveCfg = Release|Any CPU
		{A65082A3-B58D-4322-9628-3F52A34E5614}.Performance|Any CPU.Build.0 = Release|Any CPU
		{A65082A3-B58D-4322-9628-3F52A34E5614}.Production|Any CPU.ActiveCfg = Release|Any CPU
		{A65082A3-B58D-4322-9628-3F52A34E5614}.Production|Any CPU.Build.0 = Release|Any CPU
		{A65082A3-B58D-4322-9628-3F52A34E5614}.Release|Any CPU.ActiveCfg = Release|Any CPU
		{A65082A3-B58D-4322-9628-3F52A34E5614}.Release|Any CPU.Build.0 = Release|Any CPU
		{A65082A3-B58D-4322-9628-3F52A34E5614}.Staging|Any CPU.ActiveCfg = Release|Any CPU
		{A65082A3-B58D-4322-9628-3F52A34E5614}.Staging|Any CPU.Build.0 = Release|Any CPU
		{A65082A3-B58D-4322-9628-3F52A34E5614}.Testing|Any CPU.ActiveCfg = Release|Any CPU
		{A65082A3-B58D-4322-9628-3F52A34E5614}.Testing|Any CPU.Build.0 = Release|Any CPU
	EndGlobalSection
	GlobalSection(SolutionProperties) = preSolution
		HideSolutionNode = FALSE
	EndGlobalSection
	GlobalSection(NestedProjects) = preSolution
		{C78B8F03-D764-409E-81AA-A4B7448A0973} = {48559053-9801-40FF-A60C-182E0600445D}
		{04463D47-9E79-4600-996C-454E24CDFF20} = {48559053-9801-40FF-A60C-182E0600445D}
		{3F7BEB3E-342C-4AB3-BB66-B96C23CB7075} = {04463D47-9E79-4600-996C-454E24CDFF20}
		{D495BBD1-DABB-43E4-9B08-C7B5F47F4ECC} = {B8AD77D5-7252-4DE3-9F6E-6D8FB897904F}
		{60B18BA3-D27D-4958-B6CE-844CB781A8F6} = {B8AD77D5-7252-4DE3-9F6E-6D8FB897904F}
		{E07EAF44-9D76-45CF-9A40-7B9734B1F810} = {60B18BA3-D27D-4958-B6CE-844CB781A8F6}
		{50E915FD-1781-45CC-A254-E191B60102C2} = {60B18BA3-D27D-4958-B6CE-844CB781A8F6}
		{B9007663-ABCC-4F46-95E6-161F0E3A7829} = {60B18BA3-D27D-4958-B6CE-844CB781A8F6}
		{8895B9B0-7B56-43F1-AE15-6AB4902F754E} = {B8AD77D5-7252-4DE3-9F6E-6D8FB897904F}
		{4989CC48-7966-44C5-BB94-DB0F046D8581} = {CC41BDED-20B5-46A5-8261-489BC16CE67B}
		{08D88114-6678-4769-B094-719F4ACA3E2D} = {48559053-9801-40FF-A60C-182E0600445D}
		{7F431DE1-556D-42BD-82C1-991B83DEC56F} = {48559053-9801-40FF-A60C-182E0600445D}
		{786BAACC-A0C1-4A77-9146-B0389E62E24B} = {48559053-9801-40FF-A60C-182E0600445D}
		{2AA09843-7E76-4918-BF7A-0856413861AE} = {CC41BDED-20B5-46A5-8261-489BC16CE67B}
		{F0BB2BFA-2D2C-4108-8179-4D7D3F0243C3} = {CC41BDED-20B5-46A5-8261-489BC16CE67B}
		{56FAF078-C7D8-4B6E-A263-96CDF581092B} = {F0BB2BFA-2D2C-4108-8179-4D7D3F0243C3}
		{24B03954-52F9-41A4-8D08-084D22D8BE05} = {8E23471A-2A7F-4DC8-A06D-7D4A1423BE7E}
		{4B652DD5-2B1B-40BD-B34C-74FF4D1B5B58} = {8E23471A-2A7F-4DC8-A06D-7D4A1423BE7E}
		{CA960484-53AD-455A-A8F4-66DA769B2477} = {8E23471A-2A7F-4DC8-A06D-7D4A1423BE7E}
		{99BB97F7-E158-49B5-8E7E-2CD221E51AD0} = {CA960484-53AD-455A-A8F4-66DA769B2477}
		{0076C479-916D-4276-8446-854E0BCB6248} = {F15C6E9A-DE06-4D4D-A5DC-133FE42137F1}
		{A65082A3-B58D-4322-9628-3F52A34E5614} = {F15C6E9A-DE06-4D4D-A5DC-133FE42137F1}
	EndGlobalSection
EndGlobal
